
Microsoft Visual Studio Solution File, Format Version 12.00
# Visual Studio Version 16
VisualStudioVersion = 16.0.29905.134
MinimumVisualStudioVersion = 10.0.40219.1
Project("{FAE04EC0-301F-11D3-BF4B-00C04F79EFBC}") = "BreakOut", "BreakOut\BreakOut.csproj", "{625D5F97-286F-449A-AF74-9519617E945C}"
EndProject
Global
	GlobalSection(SolutionConfigurationPlatforms) = preSolution
		Debug|Any CPU = Debug|Any CPU
		Release|Any CPU = Release|Any CPU
	EndGlobalSection
	GlobalSection(ProjectConfigurationPlatforms) = postSolution
		{625D5F97-286F-449A-AF74-9519617E945C}.Debug|Any CPU.ActiveCfg = Debug|Any CPU
		{625D5F97-286F-449A-AF74-9519617E945C}.Debug|Any CPU.Build.0 = Debug|Any CPU
		{625D5F97-286F-449A-AF74-9519617E945C}.Release|Any CPU.ActiveCfg = Release|Any CPU
		{625D5F97-286F-449A-AF74-9519617E945C}.Release|Any CPU.Build.0 = Release|Any CPU
	EndGlobalSection
	GlobalSection(SolutionProperties) = preSolution
		HideSolutionNode = FALSE
	EndGlobalSection
	GlobalSection(ExtensibilityGlobals) = postSolution
		SolutionGuid = {32BFDE7E-A8BB-4EDF-8320-D216CE85CA80}
	EndGlobalSection
EndGlobal
